
Microsoft Visual Studio Solution File, Format Version 12.00
# Visual Studio Version 16
VisualStudioVersion = 16.0.31229.75
MinimumVisualStudioVersion = 10.0.40219.1
Project("{FAE04EC0-301F-11D3-BF4B-00C04F79EFBC}") = "SkyLogs", "SkyLogs\SkyLogs.csproj", "{E425631C-D2A8-4EA9-8365-7F472A91CA6B}"
EndProject
Global
	GlobalSection(SolutionConfigurationPlatforms) = preSolution
		Debug|Any CPU = Debug|Any CPU
		Release|Any CPU = Release|Any CPU
	EndGlobalSection
	GlobalSection(ProjectConfigurationPlatforms) = postSolution
		{E425631C-D2A8-4EA9-8365-7F472A91CA6B}.Debug|Any CPU.ActiveCfg = Debug|Any CPU
		{E425631C-D2A8-4EA9-8365-7F472A91CA6B}.Debug|Any CPU.Build.0 = Debug|Any CPU
		{E425631C-D2A8-4EA9-8365-7F472A91CA6B}.Release|Any CPU.ActiveCfg = Release|Any CPU
		{E425631C-D2A8-4EA9-8365-7F472A91CA6B}.Release|Any CPU.Build.0 = Release|Any CPU
	EndGlobalSection
	GlobalSection(SolutionProperties) = preSolution
		HideSolutionNode = FALSE
	EndGlobalSection
	GlobalSection(ExtensibilityGlobals) = postSolution
		SolutionGuid = {3B93FD52-3BD8-491E-B702-A162C0D3D799}
	EndGlobalSection
EndGlobal
